lockfileVersion: '9.0'

settings:
  autoInstallPeers: true
  excludeLinksFromLockfile: false

importers:

  .:
    dependencies:
      '@legendapp/state':
        specifier: beta
        version: 3.0.0-beta.46(react@19.2.4)
      valtio:
        specifier: ^2.3.1
        version: 2.3.1(react@19.2.4)

packages:

  '@legendapp/state@3.0.0-beta.46':
    resolution: {integrity: sha512-TcCabsE9jPW2r0sKQbUet46L0hbWiupKoun9UUkcHyF/6Jec1RyJCmLrdgFPnYZ9HwupJKIRxJVlxNrg2tG3SQ==}
    peerDependencies:
      expo-sqlite: ^15.0.0
    peerDependenciesMeta:
      expo-sqlite:
        optional: true

  proxy-compare@3.0.1:
    resolution: {integrity: sha512-V9plBAt3qjMlS1+nC8771KNf6oJ12gExvaxnNzN/9yVRLdTv/lc+oJlnSzrdYDAvBfTStPCoiaCOTmTs0adv7Q==}

  react@19.2.4:
    resolution: {integrity: sha512-9nfp2hYpCwOjAN+8TZFGhtWEwgvWHXqESH8qT89AT/lWklpLON22Lc8pEtnpsZz7VmawabSU0gCjnj8aC0euHQ==}
    engines: {node: '>=0.10.0'}

  use-sync-external-store@1.6.0:
    resolution: {integrity: sha512-Pp6GSwGP/NrPIrxVFAIkOQeyw8lFenOHijQWkUTrDvrF4ALqylP2C/KCkeS9dpUM3KvYRQhna5vt7IL95+ZQ9w==}
    peerDependencies:
      react: ^16.8.0 || ^17.0.0 || ^18.0.0 || ^19.0.0

  valtio@2.3.1:
    resolution: {integrity: sha512-ZsOaOEn0U9IJ96cAj3CZ3GjwpN3EJdjsi1PT4PREuB+Pcqfsczu16isT5DT1UrmHbk4PtLjk8kwNEHuR2CX56w==}
    engines: {node: '>=12.20.0'}
    peerDependencies:
      '@types/react': '>=18.0.0'
      react: '>=18.0.0'
    peerDependenciesMeta:
      '@types/react':
        optional: true
      react:
        optional: true

snapshots:

  '@legendapp/state@3.0.0-beta.46(react@19.2.4)':
    dependencies:
      use-sync-external-store: 1.6.0(react@19.2.4)
    transitivePeerDependencies:
      - react

  proxy-compare@3.0.1: {}

  react@19.2.4: {}

  use-sync-external-store@1.6.0(react@19.2.4):
    dependencies:
      react: 19.2.4

  valtio@2.3.1(react@19.2.4):
    dependencies:
      proxy-compare: 3.0.1
    optionalDependencies:
      react: 19.2.4
